
Microsoft Visual Studio Solution File, Format Version 12.00
# Visual Studio Version 17
VisualStudioVersion = 17.1.32210.238
MinimumVisualStudioVersion = 10.0.40219.1
Project("{FAE04EC0-301F-11D3-BF4B-00C04F79EFBC}") = "PhonebookBL", "PhonebookBL.csproj", "{8D64EE9A-CC73-48D2-93DA-9CCC3EE1B7A6}"
EndProject
Global
	GlobalSection(SolutionConfigurationPlatforms) = preSolution
		Debug|Any CPU = Debug|Any CPU
		Release|Any CPU = Release|Any CPU
	EndGlobalSection
	GlobalSection(ProjectConfigurationPlatforms) = postSolution
		{8D64EE9A-CC73-48D2-93DA-9CCC3EE1B7A6}.Debug|Any CPU.ActiveCfg = Debug|Any CPU
		{8D64EE9A-CC73-48D2-93DA-9CCC3EE1B7A6}.Debug|Any CPU.Build.0 = Debug|Any CPU
		{8D64EE9A-CC73-48D2-93DA-9CCC3EE1B7A6}.Release|Any CPU.ActiveCfg = Release|Any CPU
		{8D64EE9A-CC73-48D2-93DA-9CCC3EE1B7A6}.Release|Any CPU.Build.0 = Release|Any CPU
	EndGlobalSection
	GlobalSection(SolutionProperties) = preSolution
		HideSolutionNode = FALSE
	EndGlobalSection
	GlobalSection(ExtensibilityGlobals) = postSolution
		SolutionGuid = {5FD2652F-A436-47DE-A9E5-1411CE8B27A7}
	EndGlobalSection
EndGlobal
